# This file is automatically @generated by Poetry 1.6.1 and should not be changed by hand.

[[package]]
name = "annotated-types"
version = "0.5.0"
description = "Reusable constraint types to use with typing.Annotated"
optional = false
python-versions = ">=3.7"
files = [
    {file = "annotated_types-0.5.0-py3-none-any.whl", hash = "sha256:58da39888f92c276ad970249761ebea80ba544b77acddaa1a4d6cf78287d45fd"},
    {file = "annotated_types-0.5.0.tar.gz", hash = "sha256:47cdc3490d9ac1506ce92c7aaa76c579dc3509ff11e098fc867e5130ab7be802"},
]

[package.dependencies]
typing-extensions = {version = ">=4.0.0", markers = "python_version < \"3.9\""}

[[package]]
name = "asgiref"
version = "3.7.2"
description = "ASGI specs, helper code, and adapters"
optional = false
python-versions = ">=3.7"
files = [
    {file = "asgiref-3.7.2-py3-none-any.whl", hash = "sha256:89b2ef2247e3b562a16eef663bc0e2e703ec6468e2fa8a5cd61cd449786d4f6e"},
    {file = "asgiref-3.7.2.tar.gz", hash = "sha256:9e0ce3aa93a819ba5b45120216b23878cf6e8525eb3848653452b4192b92afed"},
]

[package.dependencies]
typing-extensions = {version = ">=4", markers = "python_version < \"3.11\""}

[package.extras]
tests = ["mypy (>=0.800)", "pytest", "pytest-asyncio"]

[[package]]
name = "backports.zoneinfo"
version = "0.2.1"
description = "Backport of the standard library zoneinfo module"
optional = false
python-versions = ">=3.6"
files = [
    {file = "backports.zoneinfo-0.2.1-cp36-cp36m-macosx_10_14_x86_64.whl", hash = "sha256:da6013fd84a690242c310d77ddb8441a559e9cb3d3d59ebac9aca1a57b2e18bc"},
    {file = "backports.zoneinfo-0.2.1-cp36-cp36m-manylinux1_i686.whl", hash = "sha256:89a48c0d158a3cc3f654da4c2de1ceba85263fafb861b98b59040a5086259722"},
    {file = "backports.zoneinfo-0.2.1-cp36-cp36m-manylinux1_x86_64.whl", hash = "sha256:1c5742112073a563c81f786e77514969acb58649bcdf6cdf0b4ed31a348d4546"},
    {file = "backports.zoneinfo-0.2.1-cp36-cp36m-win32.whl", hash = "sha256:e8236383a20872c0cdf5a62b554b27538db7fa1bbec52429d8d106effbaeca08"},
    {file = "backports.zoneinfo-0.2.1-cp36-cp36m-win_amd64.whl", hash = "sha256:8439c030a11780786a2002261569bdf362264f605dfa4d65090b64b05c9f79a7"},
    {file = "backports.zoneinfo-0.2.1-cp37-cp37m-macosx_10_14_x86_64.whl", hash = "sha256:f04e857b59d9d1ccc39ce2da1021d196e47234873820cbeaad210724b1ee28ac"},
    {file = "backports.zoneinfo-0.2.1-cp37-cp37m-manylinux1_i686.whl", hash = "sha256:17746bd546106fa389c51dbea67c8b7c8f0d14b5526a579ca6ccf5ed72c526cf"},
    {file = "backports.zoneinfo-0.2.1-cp37-cp37m-manylinux1_x86_64.whl", hash = "sha256:5c144945a7752ca544b4b78c8c41544cdfaf9786f25fe5ffb10e838e19a27570"},
    {file = "backports.zoneinfo-0.2.1-cp37-cp37m-win32.whl", hash = "sha256:e55b384612d93be96506932a786bbcde5a2db7a9e6a4bb4bffe8b733f5b9036b"},
    {file = "backports.zoneinfo-0.2.1-cp37-cp37m-win_amd64.whl", hash = "sha256:a76b38c52400b762e48131494ba26be363491ac4f9a04c1b7e92483d169f6582"},
    {file = "backports.zoneinfo-0.2.1-cp38-cp38-macosx_10_14_x86_64.whl", hash = "sha256:8961c0f32cd0336fb8e8ead11a1f8cd99ec07145ec2931122faaac1c8f7fd987"},
    {file = "backports.zoneinfo-0.2.1-cp38-cp38-manylinux1_i686.whl", hash = "sha256:e81b76cace8eda1fca50e345242ba977f9be6ae3945af8d46326d776b4cf78d1"},
    {file = "backports.zoneinfo-0.2.1-cp38-cp38-manylinux1_x86_64.whl", hash = "sha256:7b0a64cda4145548fed9efc10322770f929b944ce5cee6c0dfe0c87bf4c0c8c9"},
    {file = "backports.zoneinfo-0.2.1-cp38-cp38-win32.whl", hash = "sha256:1b13e654a55cd45672cb54ed12148cd33628f672548f373963b0bff67b217328"},
    {file = "backports.zoneinfo-0.2.1-cp38-cp38-win_amd64.whl", hash = "sha256:4a0f800587060bf8880f954dbef70de6c11bbe59c673c3d818921f042f9954a6"},
    {file = "backports.zoneinfo-0.2.1.tar.gz", hash = "sha256:fadbfe37f74051d024037f223b8e001611eac868b5c5b06144ef4d8b799862f2"},
]

[package.extras]
tzdata = ["tzdata"]

[[package]]
name = "cachetools"
version = "5.3.1"
description = "Extensible memoizing collections and decorators"
optional = false
python-versions = ">=3.7"
files = [
    {file = "cachetools-5.3.1-py3-none-any.whl", hash = "sha256:95ef631eeaea14ba2e36f06437f36463aac3a096799e876ee55e5cdccb102590"},
    {file = "cachetools-5.3.1.tar.gz", hash = "sha256:dce83f2d9b4e1f732a8cd44af8e8fab2dbe46201467fc98b3ef8f269092bf62b"},
]

[[package]]
name = "certifi"
version = "2022.12.7"
description = "Python package for providing Mozilla's CA Bundle."
optional = true
python-versions = ">=3.6"
files = [
    {file = "certifi-2022.12.7-py3-none-any.whl", hash = "sha256:4ad3232f5e926d6718ec31cfc1fcadfde020920e278684144551c91769c7bc18"},
    {file = "certifi-2022.12.7.tar.gz", hash = "sha256:35824b4c3a97115964b408844d64aa14db1cc518f6562e8d7261699d1350a9e3"},
]

[[package]]
name = "chardet"
version = "5.2.0"
description = "Universal encoding detector for Python 3"
optional = false
python-versions = ">=3.7"
files = [
    {file = "chardet-5.2.0-py3-none-any.whl", hash = "sha256:e1cf59446890a00105fe7b7912492ea04b6e6f06d4b742b2c788469e34c82970"},
    {file = "chardet-5.2.0.tar.gz", hash = "sha256:1b3b6ff479a8c414bc3fa2c0852995695c4a026dcd6d0633b2dd092ca39c1cf7"},
]

[[package]]
name = "colorama"
version = "0.4.6"
description = "Cross-platform colored terminal text."
optional = false
python-versions = "!=3.0.*,!=3.1.*,!=3.2.*,!=3.3.*,!=3.4.*,!=3.5.*,!=3.6.*,>=2.7"
files = [
    {file = "colorama-0.4.6-py2.py3-none-any.whl", hash = "sha256:4f1d9991f5acc0ca119f9d443620b77f9d6b33703e51011c16baf57afb285fc6"},
    {file = "colorama-0.4.6.tar.gz", hash = "sha256:08695f5cb7ed6e0531a20572697297273c47b8cae5a63ffc6d6ed5c201be6e44"},
]

[[package]]
name = "distlib"
version = "0.3.7"
description = "Distribution utilities"
optional = false
python-versions = "*"
files = [
    {file = "distlib-0.3.7-py2.py3-none-any.whl", hash = "sha256:2e24928bc811348f0feb63014e97aaae3037f2cf48712d51ae61df7fd6075057"},
    {file = "distlib-0.3.7.tar.gz", hash = "sha256:9dafe54b34a028eafd95039d5e5d4851a13734540f1331060d31c9916e7147a8"},
]

[[package]]
name = "django"
version = "4.2.5"
description = "A high-level Python web framework that encourages rapid development and clean, pragmatic design."
optional = false
python-versions = ">=3.8"
files = [
    {file = "Django-4.2.5-py3-none-any.whl", hash = "sha256:b6b2b5cae821077f137dc4dade696a1c2aa292f892eca28fa8d7bfdf2608ddd4"},
    {file = "Django-4.2.5.tar.gz", hash = "sha256:5e5c1c9548ffb7796b4a8a4782e9a2e5a3df3615259fc1bfd3ebc73b646146c1"},
]

[package.dependencies]
asgiref = ">=3.6.0,<4"
"backports.zoneinfo" = {version = "*", markers = "python_version < \"3.9\""}
sqlparse = ">=0.3.1"
tzdata = {version = "*", markers = "sys_platform == \"win32\""}

[package.extras]
argon2 = ["argon2-cffi (>=19.1.0)"]
bcrypt = ["bcrypt"]

[[package]]
name = "dnspython"
version = "2.2.1"
description = "DNS toolkit"
optional = false
python-versions = ">=3.6,<4.0"
files = [
    {file = "dnspython-2.2.1-py3-none-any.whl", hash = "sha256:a851e51367fb93e9e1361732c1d60dab63eff98712e503ea7d92e6eccb109b4f"},
    {file = "dnspython-2.2.1.tar.gz", hash = "sha256:0f7569a4a6ff151958b64304071d370daa3243d15941a7beedf0c9fe5105603e"},
]

[package.extras]
curio = ["curio (>=1.2,<2.0)", "sniffio (>=1.1,<2.0)"]
dnssec = ["cryptography (>=2.6,<37.0)"]
doh = ["h2 (>=4.1.0)", "httpx (>=0.21.1)", "requests (>=2.23.0,<3.0.0)", "requests-toolbelt (>=0.9.1,<0.10.0)"]
idna = ["idna (>=2.1,<4.0)"]
trio = ["trio (>=0.14,<0.20)"]
wmi = ["wmi (>=1.5.1,<2.0.0)"]

[[package]]
name = "email-validator"
version = "2.0.0.post2"
description = "A robust email address syntax and deliverability validation library."
optional = false
python-versions = ">=3.7"
files = [
    {file = "email_validator-2.0.0.post2-py3-none-any.whl", hash = "sha256:2466ba57cda361fb7309fd3d5a225723c788ca4bbad32a0ebd5373b99730285c"},
    {file = "email_validator-2.0.0.post2.tar.gz", hash = "sha256:1ff6e86044200c56ae23595695c54e9614f4a9551e0e393614f764860b3d7900"},
]

[package.dependencies]
dnspython = ">=2.0.0"
idna = ">=2.0.0"

[[package]]
name = "exceptiongroup"
version = "1.0.0rc9"
description = "Backport of PEP 654 (exception groups)"
optional = false
python-versions = ">=3.7"
files = [
    {file = "exceptiongroup-1.0.0rc9-py3-none-any.whl", hash = "sha256:2e3c3fc1538a094aab74fad52d6c33fc94de3dfee3ee01f187c0e0c72aec5337"},
    {file = "exceptiongroup-1.0.0rc9.tar.gz", hash = "sha256:9086a4a21ef9b31c72181c77c040a074ba0889ee56a7b289ff0afb0d97655f96"},
]

[package.extras]
test = ["pytest (>=6)"]

[[package]]
name = "filelock"
version = "3.12.3"
description = "A platform independent file lock."
optional = false
python-versions = ">=3.8"
files = [
    {file = "filelock-3.12.3-py3-none-any.whl", hash = "sha256:f067e40ccc40f2b48395a80fcbd4728262fab54e232e090a4063ab804179efeb"},
    {file = "filelock-3.12.3.tar.gz", hash = "sha256:0ecc1dd2ec4672a10c8550a8182f1bd0c0a5088470ecd5a125e45f49472fac3d"},
]

[package.dependencies]
typing-extensions = {version = ">=4.7.1", markers = "python_version < \"3.11\""}

[package.extras]
docs = ["furo (>=2023.7.26)", "sphinx (>=7.1.2)", "sphinx-autodoc-typehints (>=1.24)"]
testing = ["covdefaults (>=2.3)", "coverage (>=7.3)", "diff-cover (>=7.7)", "pytest (>=7.4)", "pytest-cov (>=4.1)", "pytest-mock (>=3.11.1)", "pytest-timeout (>=2.1)"]

[[package]]
name = "idna"
version = "3.3"
description = "Internationalized Domain Names in Applications (IDNA)"
optional = false
python-versions = ">=3.5"
files = [
    {file = "idna-3.3-py3-none-any.whl", hash = "sha256:84d9dd047ffa80596e0f246e2eab0b391788b0503584e8945f2368256d2735ff"},
    {file = "idna-3.3.tar.gz", hash = "sha256:9d643ff0a55b762d5cdb124b8eaa99c66322e2157b69160bc32796e824360e6d"},
]

[[package]]
name = "iniconfig"
version = "1.1.1"
description = "iniconfig: brain-dead simple config-ini parsing"
optional = false
python-versions = "*"
files = [
    {file = "iniconfig-1.1.1-py2.py3-none-any.whl", hash = "sha256:011e24c64b7f47f6ebd835bb12a743f2fbe9a26d4cecaa7f53bc4f35ee9da8b3"},
    {file = "iniconfig-1.1.1.tar.gz", hash = "sha256:bc3af051d7d14b2ee5ef9969666def0cd1a000e121eaea580d4a313df4b37f32"},
]

[[package]]
name = "packaging"
version = "23.1"
description = "Core utilities for Python packages"
optional = false
python-versions = ">=3.7"
files = [
    {file = "packaging-23.1-py3-none-any.whl", hash = "sha256:994793af429502c4ea2ebf6bf664629d07c1a9fe974af92966e4b8d2df7edc61"},
    {file = "packaging-23.1.tar.gz", hash = "sha256:a392980d2b6cffa644431898be54b0045151319d1e7ec34f0cfed48767dd334f"},
]

[[package]]
name = "platformdirs"
version = "3.10.0"
description = "A small Python package for determining appropriate platform-specific dirs, e.g. a \"user data dir\"."
optional = false
python-versions = ">=3.7"
files = [
    {file = "platformdirs-3.10.0-py3-none-any.whl", hash = "sha256:d7c24979f292f916dc9cbf8648319032f551ea8c49a4c9bf2fb556a02070ec1d"},
    {file = "platformdirs-3.10.0.tar.gz", hash = "sha256:b45696dab2d7cc691a3226759c0d3b00c47c8b6e293d96f6436f733303f77f6d"},
]

[package.extras]
docs = ["furo (>=2023.7.26)", "proselint (>=0.13)", "sphinx (>=7.1.1)", "sphinx-autodoc-typehints (>=1.24)"]
test = ["appdirs (==1.4.4)", "covdefaults (>=2.3)", "pytest (>=7.4)", "pytest-cov (>=4.1)", "pytest-mock (>=3.11.1)"]

[[package]]
name = "pluggy"
version = "1.3.0"
description = "plugin and hook calling mechanisms for python"
optional = false
python-versions = ">=3.8"
files = [
    {file = "pluggy-1.3.0-py3-none-any.whl", hash = "sha256:d89c696a773f8bd377d18e5ecda92b7a3793cbe66c87060a6fb58c7b6e1061f7"},
    {file = "pluggy-1.3.0.tar.gz", hash = "sha256:cf61ae8f126ac6f7c451172cf30e3e43d3ca77615509771b3a984a0730651e12"},
]

[package.extras]
dev = ["pre-commit", "tox"]
testing = ["pytest", "pytest-benchmark"]

[[package]]
name = "pydantic"
version = "2.4.1"
description = "Data validation using Python type hints"
optional = false
python-versions = ">=3.7"
files = [
    {file = "pydantic-2.4.1-py3-none-any.whl", hash = "sha256:2b2240c8d54bb8f84b88e061fac1bdfa1761c2859c367f9d3afe0ec2966deddc"},
    {file = "pydantic-2.4.1.tar.gz", hash = "sha256:b172505886028e4356868d617d2d1a776d7af1625d1313450fd51bdd19d9d61f"},
]

[package.dependencies]
annotated-types = ">=0.4.0"
email-validator = {version = ">=2.0.0", optional = true, markers = "extra == \"email\""}
pydantic-core = "2.10.1"
typing-extensions = ">=4.6.1"

[package.extras]
email = ["email-validator (>=2.0.0)"]

[[package]]
name = "pydantic-core"
version = "2.10.1"
description = ""
optional = false
python-versions = ">=3.7"
files = [
    {file = "pydantic_core-2.10.1-cp310-cp310-macosx_10_7_x86_64.whl", hash = "sha256:d64728ee14e667ba27c66314b7d880b8eeb050e58ffc5fec3b7a109f8cddbd63"},
    {file = "pydantic_core-2.10.1-cp310-cp310-macosx_11_0_arm64.whl", hash = "sha256:48525933fea744a3e7464c19bfede85df4aba79ce90c60b94d8b6e1eddd67096"},
    {file = "pydantic_core-2.10.1-cp310-cp310-manylinux_2_17_aarch64.manylinux2014_aarch64.whl", hash = "sha256:ef337945bbd76cce390d1b2496ccf9f90b1c1242a3a7bc242ca4a9fc5993427a"},
    {file = "pydantic_core-2.10.1-cp310-cp310-manylinux_2_17_armv7l.manylinux2014_armv7l.whl", hash = "sha256:a1392e0638af203cee360495fd2cfdd6054711f2db5175b6e9c3c461b76f5175"},
    {file = "pydantic_core-2.10.1-cp310-cp310-manylinux_2_17_ppc64le.manylinux2014_ppc64le.whl", hash = "sha256:0675ba5d22de54d07bccde38997e780044dcfa9a71aac9fd7d4d7a1d2e3e65f7"},
    {file = "pydantic_core-2.10.1-cp310-cp310-manylinux_2_17_s390x.manylinux2014_s390x.whl", hash = "sha256:128552af70a64660f21cb0eb4876cbdadf1a1f9d5de820fed6421fa8de07c893"},
    {file = "pydantic_core-2.10.1-cp310-cp310-manylinux_2_17_x86_64.manylinux2014_x86_64.whl", hash = "sha256:8f6e6aed5818c264412ac0598b581a002a9f050cb2637a84979859e70197aa9e"},
    {file = "pydantic_core-2.10.1-cp310-cp310-manylinux_2_5_i686.manylinux1_i686.whl", hash = "sha256:ecaac27da855b8d73f92123e5f03612b04c5632fd0a476e469dfc47cd37d6b2e"},
    {file = "pydantic_core-2.10.1-cp310-cp310-musllinux_1_1_aarch64.whl", hash = "sha256:b3c01c2fb081fced3bbb3da78510693dc7121bb893a1f0f5f4b48013201f362e"},
    {file = "pydantic_core-2.10.1-cp310-cp310-musllinux_1_1_x86_64.whl", hash = "sha256:92f675fefa977625105708492850bcbc1182bfc3e997f8eecb866d1927c98ae6"},
    {file = "pydantic_core-2.10.1-cp310-none-win32.whl", hash = "sha256:420a692b547736a8d8703c39ea935ab5d8f0d2573f8f123b0a294e49a73f214b"},
    {file = "pydantic_core-2.10.1-cp310-none-win_amd64.whl", hash = "sha256:0880e239827b4b5b3e2ce05e6b766a7414e5f5aedc4523be6b68cfbc7f61c5d0"},
    {file = "pydantic_core-2.10.1-cp311-cp311-macosx_10_7_x86_64.whl", hash = "sha256:073d4a470b195d2b2245d0343569aac7e979d3a0dcce6c7d2af6d8a920ad0bea"},
    {file = "pydantic_core-2.10.1-cp311-cp311-macosx_11_0_arm64.whl", hash = "sha256:600d04a7b342363058b9190d4e929a8e2e715c5682a70cc37d5ded1e0dd370b4"},
    {file = "pydantic_core-2.10.1-cp311-cp311-manylinux_2_17_aarch64.manylinux2014_aarch64.whl", hash = "sha256:39215d809470f4c8d1881758575b2abfb80174a9e8daf8f33b1d4379357e417c"},
    {file = "pydantic_core-2.10.1-cp311-cp311-manylinux_2_17_armv7l.manylinux2014_armv7l.whl", hash = "sha256:eeb3d3d6b399ffe55f9a04e09e635554012f1980696d6b0aca3e6cf42a17a03b"},
    {file = "pydantic_core-2.10.1-cp311-cp311-manylinux_2_17_ppc64le.manylinux2014_ppc64le.whl", hash = "sha256:a7a7902bf75779bc12ccfc508bfb7a4c47063f748ea3de87135d433a4cca7a2f"},
    {file = "pydantic_core-2.10.1-cp311-cp311-manylinux_2_17_s390x.manylinux2014_s390x.whl", hash = "sha256:3625578b6010c65964d177626fde80cf60d7f2e297d56b925cb5cdeda6e9925a"},
    {file = "pydantic_core-2.10.1-cp311-cp311-manylinux_2_17_x86_64.manylinux2014_x86_64.whl", hash = "sha256:caa48fc31fc7243e50188197b5f0c4228956f97b954f76da157aae7f67269ae8"},
    {file = "pydantic_core-2.10.1-cp311-cp311-manylinux_2_5_i686.manylinux1_i686.whl", hash = "sha256:07ec6d7d929ae9c68f716195ce15e745b3e8fa122fc67698ac6498d802ed0fa4"},
    {file = "pydantic_core-2.10.1-cp311-cp311-musllinux_1_1_aarch64.whl", hash = "sha256:e6f31a17acede6a8cd1ae2d123ce04d8cca74056c9d456075f4f6f85de055607"},
    {file = "pydantic_core-2.10.1-cp311-cp311-musllinux_1_1_x86_64.whl", hash = "sha256:d8f1ebca515a03e5654f88411420fea6380fc841d1bea08effb28184e3d4899f"},
    {file = "pydantic_core-2.10.1-cp311-none-win32.whl", hash = "sha256:6db2eb9654a85ada248afa5a6db5ff1cf0f7b16043a6b070adc4a5be68c716d6"},
    {file = "pydantic_core-2.10.1-cp311-none-win_amd64.whl", hash = "sha256:4a5be350f922430997f240d25f8219f93b0c81e15f7b30b868b2fddfc2d05f27"},
    {file = "pydantic_core-2.10.1-cp311-none-win_arm64.whl", hash = "sha256:5fdb39f67c779b183b0c853cd6b45f7db84b84e0571b3ef1c89cdb1dfc367325"},
    {file = "pydantic_core-2.10.1-cp312-cp312-macosx_10_7_x86_64.whl", hash = "sha256:b1f22a9ab44de5f082216270552aa54259db20189e68fc12484873d926426921"},
    {file = "pydantic_core-2.10.1-cp312-cp312-macosx_11_0_arm64.whl", hash = "sha256:8572cadbf4cfa95fb4187775b5ade2eaa93511f07947b38f4cd67cf10783b118"},
    {file = "pydantic_core-2.10.1-cp312-cp312-manylinux_2_17_aarch64.manylinux2014_aarch64.whl", hash = "sha256:db9a28c063c7c00844ae42a80203eb6d2d6bbb97070cfa00194dff40e6f545ab"},
    {file = "pydantic_core-2.10.1-cp312-cp312-manylinux_2_17_armv7l.manylinux2014_armv7l.whl", hash = "sha256:0e2a35baa428181cb2270a15864ec6286822d3576f2ed0f4cd7f0c1708472aff"},
    {file = "pydantic_core-2.10.1-cp312-cp312-manylinux_2_17_ppc64le.manylinux2014_ppc64le.whl", hash = "sha256:05560ab976012bf40f25d5225a58bfa649bb897b87192a36c6fef1ab132540d7"},
    {file = "pydantic_core-2.10.1-cp312-cp312-manylinux_2_17_s390x.manylinux2014_s390x.whl", hash = "sha256:d6495008733c7521a89422d7a68efa0a0122c99a5861f06020ef5b1f51f9ba7c"},
    {file = "pydantic_core-2.10.1-cp312-cp312-manylinux_2_17_x86_64.manylinux2014_x86_64.whl", hash = "sha256:14ac492c686defc8e6133e3a2d9eaf5261b3df26b8ae97450c1647286750b901"},
    {file = "pydantic_core-2.10.1-cp312-cp312-manylinux_2_5_i686.manylinux1_i686.whl", hash = "sha256:8282bab177a9a3081fd3d0a0175a07a1e2bfb7fcbbd949519ea0980f8a07144d"},
    {file = "pydantic_core-2.10.1-cp312-cp312-musllinux_1_1_aarch64.whl", hash = "sha256:aafdb89fdeb5fe165043896817eccd6434aee124d5ee9b354f92cd574ba5e78f"},
    {file = "pydantic_core-2.10.1-cp312-cp312-musllinux_1_1_x86_64.whl", hash = "sha256:f6defd966ca3b187ec6c366604e9296f585021d922e666b99c47e78738b5666c"},
    {file = "pydantic_core-2.10.1-cp312-none-win32.whl", hash = "sha256:7c4d1894fe112b0864c1fa75dffa045720a194b227bed12f4be7f6045b25209f"},
    {file = "pydantic_core-2.10.1-cp312-none-win_amd64.whl", hash = "sha256:5994985da903d0b8a08e4935c46ed8daf5be1cf217489e673910951dc533d430"},
    {file = "pydantic_core-2.10.1-cp312-none-win_arm64.whl", hash = "sha256:0d8a8adef23d86d8eceed3e32e9cca8879c7481c183f84ed1a8edc7df073af94"},
    {file = "pydantic_core-2.10.1-cp37-cp37m-macosx_10_7_x86_64.whl", hash = "sha256:9badf8d45171d92387410b04639d73811b785b5161ecadabf056ea14d62d4ede"},
    {file = "pydantic_core-2.10.1-cp37-cp37m-macosx_11_0_arm64.whl", hash = "sha256:ebedb45b9feb7258fac0a268a3f6bec0a2ea4d9558f3d6f813f02ff3a6dc6698"},
    {file = "pydantic_core-2.10.1-cp37-cp37m-manylinux_2_17_aarch64.manylinux2014_aarch64.whl", hash = "sha256:cfe1090245c078720d250d19cb05d67e21a9cd7c257698ef139bc41cf6c27b4f"},
    {file = "pydantic_core-2.10.1-cp37-cp37m-manylinux_2_17_armv7l.manylinux2014_armv7l.whl", hash = "sha256:e357571bb0efd65fd55f18db0a2fb0ed89d0bb1d41d906b138f088933ae618bb"},
    {file = "pydantic_core-2.10.1-cp37-cp37m-manylinux_2_17_ppc64le.manylinux2014_ppc64le.whl", hash = "sha256:b3dcd587b69bbf54fc04ca157c2323b8911033e827fffaecf0cafa5a892a0904"},
    {file = "pydantic_core-2.10.1-cp37-cp37m-manylinux_2_17_s390x.manylinux2014_s390x.whl", hash = "sha256:9c120c9ce3b163b985a3b966bb701114beb1da4b0468b9b236fc754783d85aa3"},
    {file = "pydantic_core-2.10.1-cp37-cp37m-manylinux_2_17_x86_64.manylinux2014_x86_64.whl", hash = "sha256:15d6bca84ffc966cc9976b09a18cf9543ed4d4ecbd97e7086f9ce9327ea48891"},
    {file = "pydantic_core-2.10.1-cp37-cp37m-manylinux_2_5_i686.manylinux1_i686.whl", hash = "sha256:5cabb9710f09d5d2e9e2748c3e3e20d991a4c5f96ed8f1132518f54ab2967221"},
    {file = "pydantic_core-2.10.1-cp37-cp37m-musllinux_1_1_aarch64.whl", hash = "sha256:82f55187a5bebae7d81d35b1e9aaea5e169d44819789837cdd4720d768c55d15"},
    {file = "pydantic_core-2.10.1-cp37-cp37m-musllinux_1_1_x86_64.whl", hash = "sha256:1d40f55222b233e98e3921df7811c27567f0e1a4411b93d4c5c0f4ce131bc42f"},
    {file = "pydantic_core-2.10.1-cp37-none-win32.whl", hash = "sha256:14e09ff0b8fe6e46b93d36a878f6e4a3a98ba5303c76bb8e716f4878a3bee92c"},
    {file = "pydantic_core-2.10.1-cp37-none-win_amd64.whl", hash = "sha256:1396e81b83516b9d5c9e26a924fa69164156c148c717131f54f586485ac3c15e"},
    {file = "pydantic_core-2.10.1-cp38-cp38-macosx_10_7_x86_64.whl", hash = "sha256:6835451b57c1b467b95ffb03a38bb75b52fb4dc2762bb1d9dbed8de31ea7d0fc"},
    {file = "pydantic_core-2.10.1-cp38-cp38-macosx_11_0_arm64.whl", hash = "sha256:b00bc4619f60c853556b35f83731bd817f989cba3e97dc792bb8c97941b8053a"},
    {file = "pydantic_core-2.10.1-cp38-cp38-manylinux_2_17_aarch64.manylinux2014_aarch64.whl", hash = "sha256:0fa467fd300a6f046bdb248d40cd015b21b7576c168a6bb20aa22e595c8ffcdd"},
    {file = "pydantic_core-2.10.1-cp38-cp38-manylinux_2_17_armv7l.manylinux2014_armv7l.whl", hash = "sha256:d99277877daf2efe074eae6338453a4ed54a2d93fb4678ddfe1209a0c93a2468"},
    {file = "pydantic_core-2.10.1-cp38-cp38-manylinux_2_17_ppc64le.manylinux2014_ppc64le.whl", hash = "sha256:fa7db7558607afeccb33c0e4bf1c9a9a835e26599e76af6fe2fcea45904083a6"},
    {file = "pydantic_core-2.10.1-cp38-cp38-manylinux_2_17_s390x.manylinux2014_s390x.whl", hash = "sha256:aad7bd686363d1ce4ee930ad39f14e1673248373f4a9d74d2b9554f06199fb58"},
    {file = "pydantic_core-2.10.1-cp38-cp38-manylinux_2_17_x86_64.manylinux2014_x86_64.whl", hash = "sha256:443fed67d33aa85357464f297e3d26e570267d1af6fef1c21ca50921d2976302"},
    {file = "pydantic_core-2.10.1-cp38-cp38-manylinux_2_5_i686.manylinux1_i686.whl", hash = "sha256:042462d8d6ba707fd3ce9649e7bf268633a41018d6a998fb5fbacb7e928a183e"},
    {file = "pydantic_core-2.10.1-cp38-cp38-musllinux_1_1_aarch64.whl", hash = "sha256:ecdbde46235f3d560b18be0cb706c8e8ad1b965e5c13bbba7450c86064e96561"},
    {file = "pydantic_core-2.10.1-cp38-cp38-musllinux_1_1_x86_64.whl", hash = "sha256:ed550ed05540c03f0e69e6d74ad58d026de61b9eaebebbaaf8873e585cbb18de"},
    {file = "pydantic_core-2.10.1-cp38-none-win32.whl", hash = "sha256:8cdbbd92154db2fec4ec973d45c565e767ddc20aa6dbaf50142676484cbff8ee"},
    {file = "pydantic_core-2.10.1-cp38-none-win_amd64.whl", hash = "sha256:9f6f3e2598604956480f6c8aa24a3384dbf6509fe995d97f6ca6103bb8c2534e"},
    {file = "pydantic_core-2.10.1-cp39-cp39-macosx_10_7_x86_64.whl", hash = "sha256:655f8f4c8d6a5963c9a0687793da37b9b681d9ad06f29438a3b2326d4e6b7970"},
    {file = "pydantic_core-2.10.1-cp39-cp39-macosx_11_0_arm64.whl", hash = "sha256:e570ffeb2170e116a5b17e83f19911020ac79d19c96f320cbfa1fa96b470185b"},
    {file = "pydantic_core-2.10.1-cp39-cp39-manylinux_2_17_aarch64.manylinux2014_aarch64.whl", hash = "sha256:64322bfa13e44c6c30c518729ef08fda6026b96d5c0be724b3c4ae4da939f875"},
    {file = "pydantic_core-2.10.1-cp39-cp39-manylinux_2_17_armv7l.manylinux2014_armv7l.whl", hash = "sha256:485a91abe3a07c3a8d1e082ba29254eea3e2bb13cbbd4351ea4e5a21912cc9b0"},
    {file = "pydantic_core-2.10.1-cp39-cp39-manylinux_2_17_ppc64le.manylinux2014_ppc64le.whl", hash = "sha256:f7c2b8eb9fc872e68b46eeaf835e86bccc3a58ba57d0eedc109cbb14177be531"},
    {file = "pydantic_core-2.10.1-cp39-cp39-manylinux_2_17_s390x.manylinux2014_s390x.whl", hash = "sha256:a5cb87bdc2e5f620693148b5f8f842d293cae46c5f15a1b1bf7ceeed324a740c"},
    {file = "pydantic_core-2.10.1-cp39-cp39-manylinux_2_17_x86_64.manylinux2014_x86_64.whl", hash = "sha256:25bd966103890ccfa028841a8f30cebcf5875eeac8c4bde4fe221364c92f0c9a"},
    {file = "pydantic_core-2.10.1-cp39-cp39-manylinux_2_5_i686.manylinux1_i686.whl", hash = "sha256:f323306d0556351735b54acbf82904fe30a27b6a7147153cbe6e19aaaa2aa429"},
    {file = "pydantic_core-2.10.1-cp39-cp39-musllinux_1_1_aarch64.whl", hash = "sha256:0c27f38dc4fbf07b358b2bc90edf35e82d1703e22ff2efa4af4ad5de1b3833e7"},
    {file = "pydantic_core-2.10.1-cp39-cp39-musllinux_1_1_x86_64.whl", hash = "sha256:f1365e032a477c1430cfe0cf2856679529a2331426f8081172c4a74186f1d595"},
    {file = "pydantic_core-2.10.1-cp39-none-win32.whl", hash = "sha256:a1c311fd06ab3b10805abb72109f01a134019739bd3286b8ae1bc2fc4e50c07a"},
    {file = "pydantic_core-2.10.1-cp39-none-win_amd64.whl", hash = "sha256:ae8a8843b11dc0b03b57b52793e391f0122e740de3df1474814c700d2622950a"},
    {file = "pydantic_core-2.10.1-pp310-pypy310_pp73-macosx_10_7_x86_64.whl", hash = "sha256:d43002441932f9a9ea5d6f9efaa2e21458221a3a4b417a14027a1d530201ef1b"},
    {file = "pydantic_core-2.10.1-pp310-pypy310_pp73-macosx_11_0_arm64.whl", hash = "sha256:fcb83175cc4936a5425dde3356f079ae03c0802bbdf8ff82c035f8a54b333521"},
    {file = "pydantic_core-2.10.1-pp310-pypy310_pp73-manylinux_2_17_aarch64.manylinux2014_aarch64.whl", hash = "sha256:962ed72424bf1f72334e2f1e61b68f16c0e596f024ca7ac5daf229f7c26e4208"},
    {file = "pydantic_core-2.10.1-pp310-pypy310_pp73-manylinux_2_17_x86_64.manylinux2014_x86_64.whl", hash = "sha256:2cf5bb4dd67f20f3bbc1209ef572a259027c49e5ff694fa56bed62959b41e1f9"},
    {file = "pydantic_core-2.10.1-pp310-pypy310_pp73-manylinux_2_5_i686.manylinux1_i686.whl", hash = "sha256:e544246b859f17373bed915182ab841b80849ed9cf23f1f07b73b7c58baee5fb"},
    {file = "pydantic_core-2.10.1-pp310-pypy310_pp73-musllinux_1_1_aarch64.whl", hash = "sha256:c0877239307b7e69d025b73774e88e86ce82f6ba6adf98f41069d5b0b78bd1bf"},
    {file = "pydantic_core-2.10.1-pp310-pypy310_pp73-musllinux_1_1_x86_64.whl", hash = "sha256:53df009d1e1ba40f696f8995683e067e3967101d4bb4ea6f667931b7d4a01357"},
    {file = "pydantic_core-2.10.1-pp310-pypy310_pp73-win_amd64.whl", hash = "sha256:a1254357f7e4c82e77c348dabf2d55f1d14d19d91ff025004775e70a6ef40ada"},
    {file = "pydantic_core-2.10.1-pp37-pypy37_pp73-macosx_10_7_x86_64.whl", hash = "sha256:524ff0ca3baea164d6d93a32c58ac79eca9f6cf713586fdc0adb66a8cdeab96a"},
    {file = "pydantic_core-2.10.1-pp37-pypy37_pp73-manylinux_2_17_aarch64.manylinux2014_aarch64.whl", hash = "sha256:3f0ac9fb8608dbc6eaf17956bf623c9119b4db7dbb511650910a82e261e6600f"},
    {file = "pydantic_core-2.10.1-pp37-pypy37_pp73-manylinux_2_17_x86_64.manylinux2014_x86_64.whl", hash = "sha256:320f14bd4542a04ab23747ff2c8a778bde727158b606e2661349557f0770711e"},
    {file = "pydantic_core-2.10.1-pp37-pypy37_pp73-manylinux_2_5_i686.manylinux1_i686.whl", hash = "sha256:63974d168b6233b4ed6a0046296803cb13c56637a7b8106564ab575926572a55"},
    {file = "pydantic_core-2.10.1-pp37-pypy37_pp73-musllinux_1_1_aarch64.whl", hash = "sha256:417243bf599ba1f1fef2bb8c543ceb918676954734e2dcb82bf162ae9d7bd514"},
    {file = "pydantic_core-2.10.1-pp37-pypy37_pp73-musllinux_1_1_x86_64.whl", hash = "sha256:dda81e5ec82485155a19d9624cfcca9be88a405e2857354e5b089c2a982144b2"},
    {file = "pydantic_core-2.10.1-pp37-pypy37_pp73-win_amd64.whl", hash = "sha256:14cfbb00959259e15d684505263d5a21732b31248a5dd4941f73a3be233865b9"},
    {file = "pydantic_core-2.10.1-pp38-pypy38_pp73-macosx_10_7_x86_64.whl", hash = "sha256:631cb7415225954fdcc2a024119101946793e5923f6c4d73a5914d27eb3d3a05"},
    {file = "pydantic_core-2.10.1-pp38-pypy38_pp73-macosx_11_0_arm64.whl", hash = "sha256:bec7dd208a4182e99c5b6c501ce0b1f49de2802448d4056091f8e630b28e9a52"},
    {file = "pydantic_core-2.10.1-pp38-pypy38_pp73-manylinux_2_17_aarch64.manylinux2014_aarch64.whl", hash = "sha256:149b8a07712f45b332faee1a2258d8ef1fb4a36f88c0c17cb687f205c5dc6e7d"},
    {file = "pydantic_core-2.10.1-pp38-pypy38_pp73-manylinux_2_17_x86_64.manylinux2014_x86_64.whl", hash = "sha256:4d966c47f9dd73c2d32a809d2be529112d509321c5310ebf54076812e6ecd884"},
    {file = "pydantic_core-2.10.1-pp38-pypy38_pp73-manylinux_2_5_i686.manylinux1_i686.whl", hash = "sha256:7eb037106f5c6b3b0b864ad226b0b7ab58157124161d48e4b30c4a43fef8bc4b"},
    {file = "pydantic_core-2.10.1-pp38-pypy38_pp73-musllinux_1_1_aarch64.whl", hash = "sha256:154ea7c52e32dce13065dbb20a4a6f0cc012b4f667ac90d648d36b12007fa9f7"},
    {file = "pydantic_core-2.10.1-pp38-pypy38_pp73-musllinux_1_1_x86_64.whl", hash = "sha256:e562617a45b5a9da5be4abe72b971d4f00bf8555eb29bb91ec2ef2be348cd132"},
    {file = "pydantic_core-2.10.1-pp38-pypy38_pp73-win_amd64.whl", hash = "sha256:f23b55eb5464468f9e0e9a9935ce3ed2a870608d5f534025cd5536bca25b1402"},
    {file = "pydantic_core-2.10.1-pp39-pypy39_pp73-macosx_10_7_x86_64.whl", hash = "sha256:e9121b4009339b0f751955baf4543a0bfd6bc3f8188f8056b1a25a2d45099934"},
    {file = "pydantic_core-2.10.1-pp39-pypy39_pp73-macosx_11_0_arm64.whl", hash = "sha256:0523aeb76e03f753b58be33b26540880bac5aa54422e4462404c432230543f33"},
    {file = "pydantic_core-2.10.1-pp39-pypy39_pp73-manylinux_2_17_aarch64.manylinux2014_aarch64.whl", hash = "sha256:2e0e2959ef5d5b8dc9ef21e1a305a21a36e254e6a34432d00c72a92fdc5ecda5"},
    {file = "pydantic_core-2.10.1-pp39-pypy39_pp73-manylinux_2_17_x86_64.manylinux2014_x86_64.whl", hash = "sha256:da01bec0a26befab4898ed83b362993c844b9a607a86add78604186297eb047e"},
    {file = "pydantic_core-2.10.1-pp39-pypy39_pp73-manylinux_2_5_i686.manylinux1_i686.whl", hash = "sha256:f2e9072d71c1f6cfc79a36d4484c82823c560e6f5599c43c1ca6b5cdbd54f881"},
    {file = "pydantic_core-2.10.1-pp39-pypy39_pp73-musllinux_1_1_aarch64.whl", hash = "sha256:f36a3489d9e28fe4b67be9992a23029c3cec0babc3bd9afb39f49844a8c721c5"},
    {file = "pydantic_core-2.10.1-pp39-pypy39_pp73-musllinux_1_1_x86_64.whl", hash = "sha256:f64f82cc3443149292b32387086d02a6c7fb39b8781563e0ca7b8d7d9cf72bd7"},
    {file = "pydantic_core-2.10.1-pp39-pypy39_pp73-win_amd64.whl", hash = "sha256:b4a6db486ac8e99ae696e09efc8b2b9fea67b63c8f88ba7a1a16c24a057a0776"},
    {file = "pydantic_core-2.10.1.tar.gz", hash = "sha256:0f8682dbdd2f67f8e1edddcbffcc29f60a6182b4901c367fc8c1c40d30bb0a82"},
]

[package.dependencies]
typing-extensions = ">=4.6.0,<4.7.0 || >4.7.0"

[[package]]
name = "pyproject-api"
version = "1.6.1"
description = "API to interact with the python pyproject.toml based projects"
optional = false
python-versions = ">=3.8"
files = [
    {file = "pyproject_api-1.6.1-py3-none-any.whl", hash = "sha256:4c0116d60476b0786c88692cf4e325a9814965e2469c5998b830bba16b183675"},
    {file = "pyproject_api-1.6.1.tar.gz", hash = "sha256:1817dc018adc0d1ff9ca1ed8c60e1623d5aaca40814b953af14a9cf9a5cae538"},
]

[package.dependencies]
packaging = ">=23.1"
tomli = {version = ">=2.0.1", markers = "python_version < \"3.11\""}

[package.extras]
docs = ["furo (>=2023.8.19)", "sphinx (<7.2)", "sphinx-autodoc-typehints (>=1.24)"]
testing = ["covdefaults (>=2.3)", "pytest (>=7.4)", "pytest-cov (>=4.1)", "pytest-mock (>=3.11.1)", "setuptools (>=68.1.2)", "wheel (>=0.41.2)"]

[[package]]
name = "pytest"
version = "7.3.1"
description = "pytest: simple powerful testing with Python"
optional = false
python-versions = ">=3.7"
files = [
    {file = "pytest-7.3.1-py3-none-any.whl", hash = "sha256:3799fa815351fea3a5e96ac7e503a96fa51cc9942c3753cda7651b93c1cfa362"},
    {file = "pytest-7.3.1.tar.gz", hash = "sha256:434afafd78b1d78ed0addf160ad2b77a30d35d4bdf8af234fe621919d9ed15e3"},
]

[package.dependencies]
colorama = {version = "*", markers = "sys_platform == \"win32\""}
exceptiongroup = {version = ">=1.0.0rc8", markers = "python_version < \"3.11\""}
iniconfig = "*"
packaging = "*"
pluggy = ">=0.12,<2.0"
tomli = {version = ">=1.0.0", markers = "python_version < \"3.11\""}

[package.extras]
testing = ["argcomplete", "attrs (>=19.2.0)", "hypothesis (>=3.56)", "mock", "nose", "pygments (>=2.7.2)", "requests", "xmlschema"]

[[package]]
name = "pytest-dotenv"
version = "0.5.2"
description = "A py.test plugin that parses environment files before running tests"
optional = false
python-versions = "*"
files = [
    {file = "pytest-dotenv-0.5.2.tar.gz", hash = "sha256:2dc6c3ac6d8764c71c6d2804e902d0ff810fa19692e95fe138aefc9b1aa73732"},
    {file = "pytest_dotenv-0.5.2-py3-none-any.whl", hash = "sha256:40a2cece120a213898afaa5407673f6bd924b1fa7eafce6bda0e8abffe2f710f"},
]

[package.dependencies]
pytest = ">=5.0.0"
python-dotenv = ">=0.9.1"

[[package]]
name = "python-dotenv"
version = "0.20.0"
description = "Read key-value pairs from a .env file and set them as environment variables"
optional = false
python-versions = ">=3.5"
files = [
    {file = "python-dotenv-0.20.0.tar.gz", hash = "sha256:b7e3b04a59693c42c36f9ab1cc2acc46fa5df8c78e178fc33a8d4cd05c8d498f"},
    {file = "python_dotenv-0.20.0-py3-none-any.whl", hash = "sha256:d92a187be61fe482e4fd675b6d52200e7be63a12b724abbf931a40ce4fa92938"},
]

[package.extras]
cli = ["click (>=5.0)"]

[[package]]
name = "sentry-sdk"
version = "1.30.0"
description = "Python client for Sentry (https://sentry.io)"
optional = true
python-versions = "*"
files = [
    {file = "sentry-sdk-1.30.0.tar.gz", hash = "sha256:7dc873b87e1faf4d00614afd1058bfa1522942f33daef8a59f90de8ed75cd10c"},
    {file = "sentry_sdk-1.30.0-py2.py3-none-any.whl", hash = "sha256:2e53ad63f96bb9da6570ba2e755c267e529edcf58580a2c0d2a11ef26e1e678b"},
]

[package.dependencies]
certifi = "*"
urllib3 = {version = ">=1.26.11", markers = "python_version >= \"3.6\""}

[package.extras]
aiohttp = ["aiohttp (>=3.5)"]
arq = ["arq (>=0.23)"]
beam = ["apache-beam (>=2.12)"]
bottle = ["bottle (>=0.12.13)"]
celery = ["celery (>=3)"]
chalice = ["chalice (>=1.16.0)"]
django = ["django (>=1.8)"]
falcon = ["falcon (>=1.4)"]
fastapi = ["fastapi (>=0.79.0)"]
flask = ["blinker (>=1.1)", "flask (>=0.11)", "markupsafe"]
grpcio = ["grpcio (>=1.21.1)"]
httpx = ["httpx (>=0.16.0)"]
huey = ["huey (>=2)"]
loguru = ["loguru (>=0.5)"]
opentelemetry = ["opentelemetry-distro (>=0.35b0)"]
opentelemetry-experimental = ["opentelemetry-distro (>=0.40b0,<1.0)", "opentelemetry-instrumentation-aiohttp-client (>=0.40b0,<1.0)", "opentelemetry-instrumentation-django (>=0.40b0,<1.0)", "opentelemetry-instrumentation-fastapi (>=0.40b0,<1.0)", "opentelemetry-instrumentation-flask (>=0.40b0,<1.0)", "opentelemetry-instrumentation-requests (>=0.40b0,<1.0)", "opentelemetry-instrumentation-sqlite3 (>=0.40b0,<1.0)", "opentelemetry-instrumentation-urllib (>=0.40b0,<1.0)"]
pure-eval = ["asttokens", "executing", "pure-eval"]
pymongo = ["pymongo (>=3.1)"]
pyspark = ["pyspark (>=2.4.4)"]
quart = ["blinker (>=1.1)", "quart (>=0.16.1)"]
rq = ["rq (>=0.6)"]
sanic = ["sanic (>=0.8)"]
sqlalchemy = ["sqlalchemy (>=1.2)"]
starlette = ["starlette (>=0.19.1)"]
starlite = ["starlite (>=1.48)"]
tornado = ["tornado (>=5)"]

[[package]]
name = "sqlparse"
version = "0.4.4"
description = "A non-validating SQL parser."
optional = false
python-versions = ">=3.5"
files = [
    {file = "sqlparse-0.4.4-py3-none-any.whl", hash = "sha256:5430a4fe2ac7d0f93e66f1efc6e1338a41884b7ddf2a350cedd20ccc4d9d28f3"},
    {file = "sqlparse-0.4.4.tar.gz", hash = "sha256:d446183e84b8349fa3061f0fe7f06ca94ba65b426946ffebe6e3e8295332420c"},
]

[package.extras]
dev = ["build", "flake8"]
doc = ["sphinx"]
test = ["pytest", "pytest-cov"]

[[package]]
name = "tomli"
version = "2.0.1"
description = "A lil' TOML parser"
optional = false
python-versions = ">=3.7"
files = [
    {file = "tomli-2.0.1-py3-none-any.whl", hash = "sha256:939de3e7a6161af0c887ef91b7d41a53e7c5a1ca976325f429cb46ea9bc30ecc"},
    {file = "tomli-2.0.1.tar.gz", hash = "sha256:de526c12914f0c550d15924c62d72abc48d6fe7364aa87328337a31007fe8a4f"},
]

[[package]]
name = "tox"
version = "4.11.1"
description = "tox is a generic virtualenv management and test command line tool"
optional = false
python-versions = ">=3.8"
files = [
    {file = "tox-4.11.1-py3-none-any.whl", hash = "sha256:da761b4a57ee2b92b5ce39f48ff723fc42d185bf2af508effb683214efa662ea"},
    {file = "tox-4.11.1.tar.gz", hash = "sha256:8a8cc94b7269f8e43dfc636eff2da4b33a199a4e575b5b086cc51aae24ac4262"},
]

[package.dependencies]
cachetools = ">=5.3.1"
chardet = ">=5.2"
colorama = ">=0.4.6"
filelock = ">=3.12.3"
packaging = ">=23.1"
platformdirs = ">=3.10"
pluggy = ">=1.3"
pyproject-api = ">=1.6.1"
tomli = {version = ">=2.0.1", markers = "python_version < \"3.11\""}
virtualenv = ">=20.24.3"

[package.extras]
docs = ["furo (>=2023.8.19)", "sphinx (>=7.2.4)", "sphinx-argparse-cli (>=1.11.1)", "sphinx-autodoc-typehints (>=1.24)", "sphinx-copybutton (>=0.5.2)", "sphinx-inline-tabs (>=2023.4.21)", "sphinxcontrib-towncrier (>=0.2.1a0)", "towncrier (>=23.6)"]
testing = ["build[virtualenv] (>=0.10)", "covdefaults (>=2.3)", "detect-test-pollution (>=1.1.1)", "devpi-process (>=1)", "diff-cover (>=7.7)", "distlib (>=0.3.7)", "flaky (>=3.7)", "hatch-vcs (>=0.3)", "hatchling (>=1.18)", "psutil (>=5.9.5)", "pytest (>=7.4)", "pytest-cov (>=4.1)", "pytest-mock (>=3.11.1)", "pytest-xdist (>=3.3.1)", "re-assert (>=1.1)", "time-machine (>=2.12)", "wheel (>=0.41.2)"]

[[package]]
name = "typing-extensions"
version = "4.7.1"
description = "Backported and Experimental Type Hints for Python 3.7+"
optional = false
python-versions = ">=3.7"
files = [
    {file = "typing_extensions-4.7.1-py3-none-any.whl", hash = "sha256:440d5dd3af93b060174bf433bccd69b0babc3b15b1a8dca43789fd7f61514b36"},
    {file = "typing_extensions-4.7.1.tar.gz", hash = "sha256:b75ddc264f0ba5615db7ba217daeb99701ad295353c45f9e95963337ceeeffb2"},
]

[[package]]
name = "tzdata"
version = "2022.1"
description = "Provider of IANA time zone data"
optional = false
python-versions = ">=2"
files = [
    {file = "tzdata-2022.1-py2.py3-none-any.whl", hash = "sha256:238e70234214138ed7b4e8a0fab0e5e13872edab3be586ab8198c407620e2ab9"},
    {file = "tzdata-2022.1.tar.gz", hash = "sha256:8b536a8ec63dc0751342b3984193a3118f8fca2afe25752bb9b7fffd398552d3"},
]

[[package]]
name = "urllib3"
version = "1.26.11"
description = "HTTP library with thread-safe connection pooling, file post, and more."
optional = true
python-versions = ">=2.7, !=3.0.*, !=3.1.*, !=3.2.*, !=3.3.*, !=3.4.*, !=3.5.*, <4"
files = [
    {file = "urllib3-1.26.11-py2.py3-none-any.whl", hash = "sha256:c33ccba33c819596124764c23a97d25f32b28433ba0dedeb77d873a38722c9bc"},
    {file = "urllib3-1.26.11.tar.gz", hash = "sha256:ea6e8fb210b19d950fab93b60c9009226c63a28808bc8386e05301e25883ac0a"},
]

[package.extras]
brotli = ["brotli (>=1.0.9)", "brotlicffi (>=0.8.0)", "brotlipy (>=0.6.0)"]
secure = ["certifi", "cryptography (>=1.3.4)", "idna (>=2.0.0)", "ipaddress", "pyOpenSSL (>=0.14)"]
socks = ["PySocks (>=1.5.6,!=1.5.7,<2.0)"]

[[package]]
name = "virtualenv"
version = "20.24.3"
description = "Virtual Python Environment builder"
optional = false
python-versions = ">=3.7"
files = [
    {file = "virtualenv-20.24.3-py3-none-any.whl", hash = "sha256:95a6e9398b4967fbcb5fef2acec5efaf9aa4972049d9ae41f95e0972a683fd02"},
    {file = "virtualenv-20.24.3.tar.gz", hash = "sha256:e5c3b4ce817b0b328af041506a2a299418c98747c4b1e68cb7527e74ced23efc"},
]

[package.dependencies]
distlib = ">=0.3.7,<1"
filelock = ">=3.12.2,<4"
platformdirs = ">=3.9.1,<4"

[package.extras]
docs = ["furo (>=2023.5.20)", "proselint (>=0.13)", "sphinx (>=7.0.1)", "sphinx-argparse (>=0.4)", "sphinxcontrib-towncrier (>=0.2.1a0)", "towncrier (>=23.6)"]
test = ["covdefaults (>=2.3)", "coverage (>=7.2.7)", "coverage-enable-subprocess (>=1)", "flaky (>=3.7)", "packaging (>=23.1)", "pytest (>=7.4)", "pytest-env (>=0.8.2)", "pytest-freezer (>=0.4.8)", "pytest-mock (>=3.11.1)", "pytest-randomly (>=3.12)", "pytest-timeout (>=2.1)", "setuptools (>=68)", "time-machine (>=2.10)"]

[extras]
sentry = ["sentry-sdk"]

[metadata]
lock-version = "2.0"
python-versions = "^3.8"
content-hash = "24aca2473d6ca8c16a08bf0d64a82ac1b8a61a833ec8cf31ea7ee4cecb50a9fb"
